
Microsoft Visual Studio Solution File, Format Version 12.00
# Visual Studio Version 16
VisualStudioVersion = 16.0.28516.95
MinimumVisualStudioVersion = 10.0.40219.1
Project("{9A19103F-16F7-4668-BE54-9A1E7A4F7556}") = "DataApp", "DataApp.csproj", "{D0704258-DEAC-43AD-AF8B-06F251C8374A}"
EndProject
Project("{FAE04EC0-301F-11D3-BF4B-00C04F79EFBC}") = "WebApplication1", "..\VisualStudio\WebApplication1\WebApplication1.csproj", "{07C20D79-60B8-499D-B09B-CD995FCD3807}"
EndProject
Global
	GlobalSection(SolutionConfigurationPlatforms) = preSolution
		Debug|Any CPU = Debug|Any CPU
		Release|Any CPU = Release|Any CPU
	EndGlobalSection
	GlobalSection(ProjectConfigurationPlatforms) = postSolution
		{D0704258-DEAC-43AD-AF8B-06F251C8374A}.Debug|Any CPU.ActiveCfg = Debug|Any CPU
		{D0704258-DEAC-43AD-AF8B-06F251C8374A}.Debug|Any CPU.Build.0 = Debug|Any CPU
		{D0704258-DEAC-43AD-AF8B-06F251C8374A}.Release|Any CPU.ActiveCfg = Release|Any CPU
		{D0704258-DEAC-43AD-AF8B-06F251C8374A}.Release|Any CPU.Build.0 = Release|Any CPU
		{07C20D79-60B8-499D-B09B-CD995FCD3807}.Debug|Any CPU.ActiveCfg = Debug|Any CPU
		{07C20D79-60B8-499D-B09B-CD995FCD3807}.Debug|Any CPU.Build.0 = Debug|Any CPU
		{07C20D79-60B8-499D-B09B-CD995FCD3807}.Release|Any CPU.ActiveCfg = Release|Any CPU
		{07C20D79-60B8-499D-B09B-CD995FCD3807}.Release|Any CPU.Build.0 = Release|Any CPU
	EndGlobalSection
	GlobalSection(SolutionProperties) = preSolution
		HideSolutionNode = FALSE
	EndGlobalSection
	GlobalSection(ExtensibilityGlobals) = postSolution
		SolutionGuid = {17FD68A7-742D-491F-A7A4-882EF633BE92}
	EndGlobalSection
EndGlobal
